{
  "name": "testbankminip",
  "version": "1.0.0",
  "lockfileVersion": 1,
  "requires": true,
  "dependencies": {
    "miniprogram-recycle-view": {
      "version": "0.1.5",
      "resolved": "https://registry.npm.taobao.org/miniprogram-recycle-view/download/miniprogram-recycle-view-0.1.5.tgz",
      "integrity": "sha1-hUwv4N9jwhZfc5yOBEaqNapsfXg="
    },
    "pulltorefreshjs": {
      "version": "0.1.20",
      "resolved": "https://registry.npm.taobao.org/pulltorefreshjs/download/pulltorefreshjs-0.1.20.tgz",
      "integrity": "sha1-tBan5sFYrkSPiKS5c4y6/4Me7bQ="
    }
  }
}
